PODS:
  - FreeStreamer (3.9.3):
    - Reachability (~> 3.0)
  - Reachability (3.2)

DEPENDENCIES:
  - FreeStreamer (~> 3.9.3)

SPEC REPOS:
  https://github.com/cocoapods/specs.git:
    - FreeStreamer
    - Reachability

SPEC CHECKSUMS:
  FreeStreamer: 8d52b299dc97e557ff156480bf86a666165bd1e5
  Reachability: 33e18b67625424e47b6cde6d202dce689ad7af96

PODFILE CHECKSUM: 826e648834655dcdee26fa0afea726a952c472dc

COCOAPODS: 1.6.0
